
Microsoft Visual Studio Solution File, Format Version 12.00
# Visual Studio 14
VisualStudioVersion = 14.0.24720.0
MinimumVisualStudioVersion = 10.0.40219.1
Project("{8BB2217D-0F2D-49D1-97BC-3654ED321F3B}") = "GH.Domain", "src\GH.Domain\GH.Domain.xproj", "{531E982B-30FC-4134-90A6-097F2FD25A8B}"
EndProject
Project("{8BB2217D-0F2D-49D1-97BC-3654ED321F3B}") = "GH.Domain.Tests", "src\tests\GH.Domain.Tests\GH.Domain.Tests.xproj", "{2EFF0D2C-B8E1-4445-BC75-CC567A2A9643}"
EndProject
Project("{8BB2217D-0F2D-49D1-97BC-3654ED321F3B}") = "GH.Service", "src\GH.Service\GH.Service.xproj", "{737A92C1-009D-4D6D-A1AD-14CF22C3E2B3}"
EndProject
Project("{8BB2217D-0F2D-49D1-97BC-3654ED321F3B}") = "GH.Services.Impl", "src\GH.Services.Impl\GH.Services.Impl.xproj", "{D2F7D52C-6C31-46D9-897A-72ED277FD94A}"
EndProject
Project("{8BB2217D-0F2D-49D1-97BC-3654ED321F3B}") = "GH.Github.Service", "src\GH.Github.Service\GH.Github.Service.xproj", "{A91F0B51-9F46-4409-AF06-E8C3B843337E}"
EndProject
Project("{8BB2217D-0F2D-49D1-97BC-3654ED321F3B}") = "GH.Github.Service.Impl", "src\GH.Github.Service.Impl\GH.Github.Service.Impl.xproj", "{EF9ADAFC-CECD-4195-AA07-268D3B354AA4}"
EndProject
Project("{8BB2217D-0F2D-49D1-97BC-3654ED321F3B}") = "GH.Repository", "src\GH.Repository\GH.Repository.xproj", "{7C66FFA5-94CD-45FE-9AF4-195436911F74}"
EndProject
Project("{8BB2217D-0F2D-49D1-97BC-3654ED321F3B}") = "GH.Repository.Impl", "src\GH.Repository.Impl\GH.Repository.Impl.xproj", "{A1013043-7C77-420C-9F80-47859B067CB8}"
EndProject
Project("{8BB2217D-0F2D-49D1-97BC-3654ED321F3B}") = "GH.Repository.Tests", "src\tests\GH.Repository.Tests\GH.Repository.Tests.xproj", "{18561E29-0C3E-4A93-882F-9303D9001C7A}"
EndProject
Project("{2150E333-8FDC-42A3-9474-1A3956D46DE8}") = "Application", "Application", "{389E4CF2-3019-4666-8CAF-0F7C3FAE95EE}"
EndProject
Project("{2150E333-8FDC-42A3-9474-1A3956D46DE8}") = "Tests", "Tests", "{69F1C86A-682E-4549-8A78-2E91D45F5B93}"
EndProject
Project("{2150E333-8FDC-42A3-9474-1A3956D46DE8}") = "Solution Items", "Solution Items", "{BA787CCE-B9DC-4457-85FA-A7D5C87CED64}"
	ProjectSection(SolutionItems) = preProject
		global.json = global.json
	EndProjectSection
EndProject
Project("{8BB2217D-0F2D-49D1-97BC-3654ED321F3B}") = "GH.Web", "src\GH.Web\GH.Web.xproj", "{DF812480-4CAA-4B94-A1C1-C7B28BABBCD6}"
EndProject
Project("{2150E333-8FDC-42A3-9474-1A3956D46DE8}") = "Github", "Github", "{9CAAB1F2-FE9A-4F85-A71F-D6D279516FCB}"
EndProject
Project("{2150E333-8FDC-42A3-9474-1A3956D46DE8}") = "Abstract", "Abstract", "{02293075-FD65-4822-B019-39A12DF36F86}"
EndProject
Global
	GlobalSection(SolutionConfigurationPlatforms) = preSolution
		Debug|Any CPU = Debug|Any CPU
		Release|Any CPU = Release|Any CPU
	EndGlobalSection
	GlobalSection(ProjectConfigurationPlatforms) = postSolution
		{531E982B-30FC-4134-90A6-097F2FD25A8B}.Debug|Any CPU.ActiveCfg = Debug|Any CPU
		{531E982B-30FC-4134-90A6-097F2FD25A8B}.Debug|Any CPU.Build.0 = Debug|Any CPU
		{531E982B-30FC-4134-90A6-097F2FD25A8B}.Release|Any CPU.ActiveCfg = Release|Any CPU
		{531E982B-30FC-4134-90A6-097F2FD25A8B}.Release|Any CPU.Build.0 = Release|Any CPU
		{2EFF0D2C-B8E1-4445-BC75-CC567A2A9643}.Debug|Any CPU.ActiveCfg = Debug|Any CPU
		{2EFF0D2C-B8E1-4445-BC75-CC567A2A9643}.Debug|Any CPU.Build.0 = Debug|Any CPU
		{2EFF0D2C-B8E1-4445-BC75-CC567A2A9643}.Release|Any CPU.ActiveCfg = Release|Any CPU
		{2EFF0D2C-B8E1-4445-BC75-CC567A2A9643}.Release|Any CPU.Build.0 = Release|Any CPU
		{737A92C1-009D-4D6D-A1AD-14CF22C3E2B3}.Debug|Any CPU.ActiveCfg = Debug|Any CPU
		{737A92C1-009D-4D6D-A1AD-14CF22C3E2B3}.Debug|Any CPU.Build.0 = Debug|Any CPU
		{737A92C1-009D-4D6D-A1AD-14CF22C3E2B3}.Release|Any CPU.ActiveCfg = Release|Any CPU
		{737A92C1-009D-4D6D-A1AD-14CF22C3E2B3}.Release|Any CPU.Build.0 = Release|Any CPU
		{D2F7D52C-6C31-46D9-897A-72ED277FD94A}.Debug|Any CPU.ActiveCfg = Debug|Any CPU
		{D2F7D52C-6C31-46D9-897A-72ED277FD94A}.Debug|Any CPU.Build.0 = Debug|Any CPU
		{D2F7D52C-6C31-46D9-897A-72ED277FD94A}.Release|Any CPU.ActiveCfg = Release|Any CPU
		{D2F7D52C-6C31-46D9-897A-72ED277FD94A}.Release|Any CPU.Build.0 = Release|Any CPU
		{A91F0B51-9F46-4409-AF06-E8C3B843337E}.Debug|Any CPU.ActiveCfg = Debug|Any CPU
		{A91F0B51-9F46-4409-AF06-E8C3B843337E}.Debug|Any CPU.Build.0 = Debug|Any CPU
		{A91F0B51-9F46-4409-AF06-E8C3B843337E}.Release|Any CPU.ActiveCfg = Release|Any CPU
		{A91F0B51-9F46-4409-AF06-E8C3B843337E}.Release|Any CPU.Build.0 = Release|Any CPU
		{EF9ADAFC-CECD-4195-AA07-268D3B354AA4}.Debug|Any CPU.ActiveCfg = Debug|Any CPU
		{EF9ADAFC-CECD-4195-AA07-268D3B354AA4}.Debug|Any CPU.Build.0 = Debug|Any CPU
		{EF9ADAFC-CECD-4195-AA07-268D3B354AA4}.Release|Any CPU.ActiveCfg = Release|Any CPU
		{EF9ADAFC-CECD-4195-AA07-268D3B354AA4}.Release|Any CPU.Build.0 = Release|Any CPU
		{7C66FFA5-94CD-45FE-9AF4-195436911F74}.Debug|Any CPU.ActiveCfg = Debug|Any CPU
		{7C66FFA5-94CD-45FE-9AF4-195436911F74}.Debug|Any CPU.Build.0 = Debug|Any CPU
		{7C66FFA5-94CD-45FE-9AF4-195436911F74}.Release|Any CPU.ActiveCfg = Release|Any CPU
		{7C66FFA5-94CD-45FE-9AF4-195436911F74}.Release|Any CPU.Build.0 = Release|Any CPU
		{A1013043-7C77-420C-9F80-47859B067CB8}.Debug|Any CPU.ActiveCfg = Debug|Any CPU
		{A1013043-7C77-420C-9F80-47859B067CB8}.Debug|Any CPU.Build.0 = Debug|Any CPU
		{A1013043-7C77-420C-9F80-47859B067CB8}.Release|Any CPU.ActiveCfg = Release|Any CPU
		{A1013043-7C77-420C-9F80-47859B067CB8}.Release|Any CPU.Build.0 = Release|Any CPU
		{18561E29-0C3E-4A93-882F-9303D9001C7A}.Debug|Any CPU.ActiveCfg = Debug|Any CPU
		{18561E29-0C3E-4A93-882F-9303D9001C7A}.Debug|Any CPU.Build.0 = Debug|Any CPU
		{18561E29-0C3E-4A93-882F-9303D9001C7A}.Release|Any CPU.ActiveCfg = Release|Any CPU
		{18561E29-0C3E-4A93-882F-9303D9001C7A}.Release|Any CPU.Build.0 = Release|Any CPU
		{DF812480-4CAA-4B94-A1C1-C7B28BABBCD6}.Debug|Any CPU.ActiveCfg = Debug|Any CPU
		{DF812480-4CAA-4B94-A1C1-C7B28BABBCD6}.Debug|Any CPU.Build.0 = Debug|Any CPU
		{DF812480-4CAA-4B94-A1C1-C7B28BABBCD6}.Release|Any CPU.ActiveCfg = Release|Any CPU
		{DF812480-4CAA-4B94-A1C1-C7B28BABBCD6}.Release|Any CPU.Build.0 = Release|Any CPU
	EndGlobalSection
	GlobalSection(SolutionProperties) = preSolution
		HideSolutionNode = FALSE
	EndGlobalSection
	GlobalSection(NestedProjects) = preSolution
		{531E982B-30FC-4134-90A6-097F2FD25A8B} = {389E4CF2-3019-4666-8CAF-0F7C3FAE95EE}
		{2EFF0D2C-B8E1-4445-BC75-CC567A2A9643} = {69F1C86A-682E-4549-8A78-2E91D45F5B93}
		{737A92C1-009D-4D6D-A1AD-14CF22C3E2B3} = {02293075-FD65-4822-B019-39A12DF36F86}
		{D2F7D52C-6C31-46D9-897A-72ED277FD94A} = {389E4CF2-3019-4666-8CAF-0F7C3FAE95EE}
		{A91F0B51-9F46-4409-AF06-E8C3B843337E} = {9CAAB1F2-FE9A-4F85-A71F-D6D279516FCB}
		{EF9ADAFC-CECD-4195-AA07-268D3B354AA4} = {9CAAB1F2-FE9A-4F85-A71F-D6D279516FCB}
		{7C66FFA5-94CD-45FE-9AF4-195436911F74} = {02293075-FD65-4822-B019-39A12DF36F86}
		{A1013043-7C77-420C-9F80-47859B067CB8} = {389E4CF2-3019-4666-8CAF-0F7C3FAE95EE}
		{18561E29-0C3E-4A93-882F-9303D9001C7A} = {69F1C86A-682E-4549-8A78-2E91D45F5B93}
		{9CAAB1F2-FE9A-4F85-A71F-D6D279516FCB} = {389E4CF2-3019-4666-8CAF-0F7C3FAE95EE}
		{02293075-FD65-4822-B019-39A12DF36F86} = {389E4CF2-3019-4666-8CAF-0F7C3FAE95EE}
	EndGlobalSection
EndGlobal
